
Microsoft Visual Studio Solution File, Format Version 12.00
# Visual Studio Version 17
VisualStudioVersion = 17.1.32228.430
MinimumVisualStudioVersion = 10.0.40219.1
Project("{FAE04EC0-301F-11D3-BF4B-00C04F79EFBC}") = "WebApplication2", "WebApplication2\WebApplication2.csproj", "{6B89A5E6-52F3-4F9C-9B51-167FF49FF6A4}"
EndProject
Global
	GlobalSection(SolutionConfigurationPlatforms) = preSolution
		Debug|Any CPU = Debug|Any CPU
		Release|Any CPU = Release|Any CPU
	EndGlobalSection
	GlobalSection(ProjectConfigurationPlatforms) = postSolution
		{6B89A5E6-52F3-4F9C-9B51-167FF49FF6A4}.Debug|Any CPU.ActiveCfg = Debug|Any CPU
		{6B89A5E6-52F3-4F9C-9B51-167FF49FF6A4}.Debug|Any CPU.Build.0 = Debug|Any CPU
		{6B89A5E6-52F3-4F9C-9B51-167FF49FF6A4}.Release|Any CPU.ActiveCfg = Release|Any CPU
		{6B89A5E6-52F3-4F9C-9B51-167FF49FF6A4}.Release|Any CPU.Build.0 = Release|Any CPU
	EndGlobalSection
	GlobalSection(SolutionProperties) = preSolution
		HideSolutionNode = FALSE
	EndGlobalSection
	GlobalSection(ExtensibilityGlobals) = postSolution
		SolutionGuid = {44140F2D-6355-4F0A-8530-13031C99CE21}
	EndGlobalSection
EndGlobal
